
Microsoft Visual Studio Solution File, Format Version 12.00
# Visual Studio Version 17
VisualStudioVersion = 17.14.35821.62 d17.14
MinimumVisualStudioVersion = 10.0.40219.1
Project("{FAE04EC0-301F-11D3-BF4B-00C04F79EFBC}") = "DotNgApp", "DotNgApp\DotNgApp.csproj", "{516B5DE0-24E0-422A-B825-F2138E6FF353}"
EndProject
Global
	GlobalSection(SolutionConfigurationPlatforms) = preSolution
		Debug|Any CPU = Debug|Any CPU
		Release|Any CPU = Release|Any CPU
	EndGlobalSection
	GlobalSection(ProjectConfigurationPlatforms) = postSolution
		{516B5DE0-24E0-422A-B825-F2138E6FF353}.Debug|Any CPU.ActiveCfg = Debug|Any CPU
		{516B5DE0-24E0-422A-B825-F2138E6FF353}.Debug|Any CPU.Build.0 = Debug|Any CPU
		{516B5DE0-24E0-422A-B825-F2138E6FF353}.Release|Any CPU.ActiveCfg = Release|Any CPU
		{516B5DE0-24E0-422A-B825-F2138E6FF353}.Release|Any CPU.Build.0 = Release|Any CPU
	EndGlobalSection
	GlobalSection(SolutionProperties) = preSolution
		HideSolutionNode = FALSE
	EndGlobalSection
	GlobalSection(ExtensibilityGlobals) = postSolution
		SolutionGuid = {AC304B62-029E-4DFA-A3C8-07E3A86BE034}
	EndGlobalSection
EndGlobal
